
Microsoft Visual Studio Solution File, Format Version 12.00
# Visual Studio Version 17
VisualStudioVersion = 17.8.34511.84
MinimumVisualStudioVersion = 10.0.40219.1
Project("{FAE04EC0-301F-11D3-BF4B-00C04F79EFBC}") = "testLeenAUto", "testLeenAUto.csproj", "{1794DA8C-8033-4CB0-B430-0A8D621DB70F}"
EndProject
Project("{FAE04EC0-301F-11D3-BF4B-00C04F79EFBC}") = "testLeenAuto.Shared", "..\testLeenAuto.Shared\testLeenAuto.Shared.csproj", "{48FD362B-46BB-4CAA-842E-1B08D8DBA7AF}"
EndProject
Global
	GlobalSection(SolutionConfigurationPlatforms) = preSolution
		Debug|Any CPU = Debug|Any CPU
		Release|Any CPU = Release|Any CPU
	EndGlobalSection
	GlobalSection(ProjectConfigurationPlatforms) = postSolution
		{1794DA8C-8033-4CB0-B430-0A8D621DB70F}.Debug|Any CPU.ActiveCfg = Debug|Any CPU
		{1794DA8C-8033-4CB0-B430-0A8D621DB70F}.Debug|Any CPU.Build.0 = Debug|Any CPU
		{1794DA8C-8033-4CB0-B430-0A8D621DB70F}.Release|Any CPU.ActiveCfg = Release|Any CPU
		{1794DA8C-8033-4CB0-B430-0A8D621DB70F}.Release|Any CPU.Build.0 = Release|Any CPU
		{48FD362B-46BB-4CAA-842E-1B08D8DBA7AF}.Debug|Any CPU.ActiveCfg = Debug|Any CPU
		{48FD362B-46BB-4CAA-842E-1B08D8DBA7AF}.Debug|Any CPU.Build.0 = Debug|Any CPU
		{48FD362B-46BB-4CAA-842E-1B08D8DBA7AF}.Release|Any CPU.ActiveCfg = Release|Any CPU
		{48FD362B-46BB-4CAA-842E-1B08D8DBA7AF}.Release|Any CPU.Build.0 = Release|Any CPU
	EndGlobalSection
	GlobalSection(SolutionProperties) = preSolution
		HideSolutionNode = FALSE
	EndGlobalSection
	GlobalSection(ExtensibilityGlobals) = postSolution
		SolutionGuid = {B610AE48-9473-439B-81BE-03935F799AE1}
	EndGlobalSection
EndGlobal
